# This file is automatically @generated by Cargo.
# It is not intended for manual editing.
version = 4

[[package]]
name = "strata-artifact"
version = "0.1.0"

[[package]]
name = "strata-core"
version = "0.1.0"

[[package]]
name = "strata-device"
version = "0.1.0"
dependencies = [
 "strata-artifact",
]

[[package]]
name = "strata-probe"
version = "0.1.0"
dependencies = [
 "strata-artifact",
 "strata-device",
]

[[package]]
name = "strata-spec"
version = "0.1.0"
